
Microsoft Visual Studio Solution File, Format Version 12.00
# Visual Studio Version 17
VisualStudioVersion = 17.4.33110.190
MinimumVisualStudioVersion = 10.0.40219.1
Project("{9A19103F-16F7-4668-BE54-9A1E7A4F7556}") = "MinimalApiNetCore", "MinimalApiNetCore\MinimalApiNetCore.csproj", "{00F8BC7C-53C1-4239-9C6E-3CEEC31E8DD8}"
	ProjectSection(ProjectDependencies) = postProject
		{65768201-2F2A-415F-B458-723AF0A1A242} = {65768201-2F2A-415F-B458-723AF0A1A242}
	EndProjectSection
EndProject
Project("{FAE04EC0-301F-11D3-BF4B-00C04F79EFBC}") = "Services", "Services\Services.csproj", "{65768201-2F2A-415F-B458-723AF0A1A242}"
EndProject
Global
	GlobalSection(SolutionConfigurationPlatforms) = preSolution
		Debug|Any CPU = Debug|Any CPU
		Release|Any CPU = Release|Any CPU
	EndGlobalSection
	GlobalSection(ProjectConfigurationPlatforms) = postSolution
		{00F8BC7C-53C1-4239-9C6E-3CEEC31E8DD8}.Debug|Any CPU.ActiveCfg = Debug|Any CPU
		{00F8BC7C-53C1-4239-9C6E-3CEEC31E8DD8}.Debug|Any CPU.Build.0 = Debug|Any CPU
		{00F8BC7C-53C1-4239-9C6E-3CEEC31E8DD8}.Release|Any CPU.ActiveCfg = Release|Any CPU
		{00F8BC7C-53C1-4239-9C6E-3CEEC31E8DD8}.Release|Any CPU.Build.0 = Release|Any CPU
		{65768201-2F2A-415F-B458-723AF0A1A242}.Debug|Any CPU.ActiveCfg = Debug|Any CPU
		{65768201-2F2A-415F-B458-723AF0A1A242}.Debug|Any CPU.Build.0 = Debug|Any CPU
		{65768201-2F2A-415F-B458-723AF0A1A242}.Release|Any CPU.ActiveCfg = Release|Any CPU
		{65768201-2F2A-415F-B458-723AF0A1A242}.Release|Any CPU.Build.0 = Release|Any CPU
	EndGlobalSection
	GlobalSection(SolutionProperties) = preSolution
		HideSolutionNode = FALSE
	EndGlobalSection
	GlobalSection(ExtensibilityGlobals) = postSolution
		SolutionGuid = {2FDD8166-DBA7-465B-8599-5323C15E9E6C}
	EndGlobalSection
EndGlobal
